// !$*UTF8*$!
{
	archiveVersion = 1;
	classes = {
	};
	objectVersion = 55;
	objects = {

/* Begin PBXBuildFile section */
		521192D427323D3700E8ED11 /* AppDelegate.swift in Sources */ = {isa = PBXBuildFile; fileRef = 521192D327323D3700E8ED11 /* AppDelegate.swift */; };
		521192D627323D3700E8ED11 /* SceneDelegate.swift in Sources */ = {isa = PBXBuildFile; fileRef = 521192D527323D3700E8ED11 /* SceneDelegate.swift */; };
		521192D827323D3700E8ED11 /* HomeTapBarController.swift in Sources */ = {isa = PBXBuildFile; fileRef = 521192D727323D3700E8ED11 /* HomeTapBarController.swift */; };
		521192DD27323D4000E8ED11 /* Assets.xcassets in Resources */ = {isa = PBXBuildFile; fileRef = 521192DC27323D4000E8ED11 /* Assets.xcassets */; };
		521192E027323D4000E8ED11 /* LaunchScreen.storyboard in Resources */ = {isa = PBXBuildFile; fileRef = 521192DE27323D4000E8ED11 /* LaunchScreen.storyboard */; };
		521192F12732684C00E8ED11 /* GetStartVC.swift in Sources */ = {isa = PBXBuildFile; fileRef = 521192F02732684C00E8ED11 /* GetStartVC.swift */; };
		5231EE622732E3D500D1A712 /* Start.storyboard in Resources */ = {isa = PBXBuildFile; fileRef = 5231EE612732E3D500D1A712 /* Start.storyboard */; };
		526AFC22273E0AE000BAF3BF /* CheckMarkTableViewCell.swift in Sources */ = {isa = PBXBuildFile; fileRef = 526AFC20273E0AE000BAF3BF /* CheckMarkTableViewCell.swift */; };
		526AFC23273E0AE000BAF3BF /* CheckMarkTableViewCell.xib in Resources */ = {isa = PBXBuildFile; fileRef = 526AFC21273E0AE000BAF3BF /* CheckMarkTableViewCell.xib */; };
		529050D72736606E004DD96D /* HomeMainViewTableVC.swift in Sources */ = {isa = PBXBuildFile; fileRef = 529050D62736606E004DD96D /* HomeMainViewTableVC.swift */; };
		52AA7C9B2733717400E96293 /* CollectionViewCellVC.swift in Sources */ = {isa = PBXBuildFile; fileRef = 52AA7C992733717400E96293 /* CollectionViewCellVC.swift */; };
		52AA7C9C2733717400E96293 /* CollectionViewCellVC.xib in Resources */ = {isa = PBXBuildFile; fileRef = 52AA7C9A2733717400E96293 /* CollectionViewCellVC.xib */; };
		52B52194273B5BA200A7939A /* InfoDetail.swift in Sources */ = {isa = PBXBuildFile; fileRef = 52B52193273B5BA200A7939A /* InfoDetail.swift */; };
		52C2C9032738CE6E008AE895 /* BannerTableViewCell.swift in Sources */ = {isa = PBXBuildFile; fileRef = 52C2C9012738CE6E008AE895 /* BannerTableViewCell.swift */; };
		52C2C9042738CE6E008AE895 /* BannerTableViewCell.xib in Resources */ = {isa = PBXBuildFile; fileRef = 52C2C9022738CE6E008AE895 /* BannerTableViewCell.xib */; };
		52C2C9072738D277008AE895 /* LatestPropertyTableViewCell.swift in Sources */ = {isa = PBXBuildFile; fileRef = 52C2C9052738D277008AE895 /* LatestPropertyTableViewCell.swift */; };
		52C2C9082738D277008AE895 /* LatestPropertyTableViewCell.xib in Resources */ = {isa = PBXBuildFile; fileRef = 52C2C9062738D277008AE895 /* LatestPropertyTableViewCell.xib */; };
		52C2C90C27390519008AE895 /* BannerCollectionViewCell.swift in Sources */ = {isa = PBXBuildFile; fileRef = 52C2C90A27390519008AE895 /* BannerCollectionViewCell.swift */; };
		52C2C90D27390519008AE895 /* BannerCollectionViewCell.xib in Resources */ = {isa = PBXBuildFile; fileRef = 52C2C90B27390519008AE895 /* BannerCollectionViewCell.xib */; };
		52DA29AE2733E6FB00091B9F /* Home.storyboard in Resources */ = {isa = PBXBuildFile; fileRef = 52DA29AD2733E6FB00091B9F /* Home.storyboard */; };
		52FA35D1273B899900B301D2 /* ChooseLang.storyboard in Resources */ = {isa = PBXBuildFile; fileRef = 52FA35D0273B899900B301D2 /* ChooseLang.storyboard */; };
		52FA35D3273B89BA00B301D2 /* LanguageVC.swift in Sources */ = {isa = PBXBuildFile; fileRef = 52FA35D2273B89BA00B301D2 /* LanguageVC.swift */; };
/* End PBXBuildFile section */

/* Begin PBXFileReference section */
		521192D027323D3700E8ED11 /* Z2.app */ = {isa = PBXFileReference; explicitFileType = wrapper.application; includeInIndex = 0; path = Z2.app; sourceTree = BUILT_PRODUCTS_DIR; };
		521192D327323D3700E8ED11 /* AppDelegate.swift */ = {isa = PBXFileReference; lastKnownFileType = sourcecode.swift; path = AppDelegate.swift; sourceTree = "<group>"; };
		521192D527323D3700E8ED11 /* SceneDelegate.swift */ = {isa = PBXFileReference; lastKnownFileType = sourcecode.swift; path = SceneDelegate.swift; sourceTree = "<group>"; };
		521192D727323D3700E8ED11 /* HomeTapBarController.swift */ = {isa = PBXFileReference; lastKnownFileType = sourcecode.swift; path = HomeTapBarController.swift; sourceTree = "<group>"; };
		521192DC27323D4000E8ED11 /* Assets.xcassets */ = {isa = PBXFileReference; lastKnownFileType = folder.assetcatalog; path = Assets.xcassets; sourceTree = "<group>"; };
		521192DF27323D4000E8ED11 /* Base */ = {isa = PBXFileReference; lastKnownFileType = file.storyboard; name = Base; path = Base.lproj/LaunchScreen.storyboard; sourceTree = "<group>"; };
		521192E127323D4000E8ED11 /* Info.plist */ = {isa = PBXFileReference; lastKnownFileType = text.plist.xml; path = Info.plist; sourceTree = "<group>"; };
		521192F02732684C00E8ED11 /* GetStartVC.swift */ = {isa = PBXFileReference; lastKnownFileType = sourcecode.swift; path = GetStartVC.swift; sourceTree = "<group>"; };
		5231EE612732E3D500D1A712 /* Start.storyboard */ = {isa = PBXFileReference; lastKnownFileType = file.storyboard; path = Start.storyboard; sourceTree = "<group>"; };
		526AFC20273E0AE000BAF3BF /* CheckMarkTableViewCell.swift */ = {isa = PBXFileReference; lastKnownFileType = sourcecode.swift; path = CheckMarkTableViewCell.swift; sourceTree = "<group>"; };
		526AFC21273E0AE000BAF3BF /* CheckMarkTableViewCell.xib */ = {isa = PBXFileReference; lastKnownFileType = file.xib; path = CheckMarkTableViewCell.xib; sourceTree = "<group>"; };
		529050D62736606E004DD96D /* HomeMainViewTableVC.swift */ = {isa = PBXFileReference; lastKnownFileType = sourcecode.swift; path = HomeMainViewTableVC.swift; sourceTree = "<group>"; };
		52AA7C992733717400E96293 /* CollectionViewCellVC.swift */ = {isa = PBXFileReference; lastKnownFileType = sourcecode.swift; path = CollectionViewCellVC.swift; sourceTree = "<group>"; };
		52AA7C9A2733717400E96293 /* CollectionViewCellVC.xib */ = {isa = PBXFileReference; lastKnownFileType = file.xib; path = CollectionViewCellVC.xib; sourceTree = "<group>"; };
		52B52193273B5BA200A7939A /* InfoDetail.swift */ = {isa = PBXFileReference; lastKnownFileType = sourcecode.swift; path = InfoDetail.swift; sourceTree = "<group>"; };
		52C2C9012738CE6E008AE895 /* BannerTableViewCell.swift */ = {isa = PBXFileReference; lastKnownFileType = sourcecode.swift; path = BannerTableViewCell.swift; sourceTree = "<group>"; };
		52C2C9022738CE6E008AE895 /* BannerTableViewCell.xib */ = {isa = PBXFileReference; lastKnownFileType = file.xib; path = BannerTableViewCell.xib; sourceTree = "<group>"; };
		52C2C9052738D277008AE895 /* LatestPropertyTableViewCell.swift */ = {isa = PBXFileReference; lastKnownFileType = sourcecode.swift; path = LatestPropertyTableViewCell.swift; sourceTree = "<group>"; };
		52C2C9062738D277008AE895 /* LatestPropertyTableViewCell.xib */ = {isa = PBXFileReference; lastKnownFileType = file.xib; path = LatestPropertyTableViewCell.xib; sourceTree = "<group>"; };
		52C2C90A27390519008AE895 /* BannerCollectionViewCell.swift */ = {isa = PBXFileReference; lastKnownFileType = sourcecode.swift; path = BannerCollectionViewCell.swift; sourceTree = "<group>"; };
		52C2C90B27390519008AE895 /* BannerCollectionViewCell.xib */ = {isa = PBXFileReference; lastKnownFileType = file.xib; path = BannerCollectionViewCell.xib; sourceTree = "<group>"; };
		52DA29AD2733E6FB00091B9F /* Home.storyboard */ = {isa = PBXFileReference; lastKnownFileType = file.storyboard; path = Home.storyboard; sourceTree = "<group>"; };
		52FA35D0273B899900B301D2 /* ChooseLang.storyboard */ = {isa = PBXFileReference; lastKnownFileType = file.storyboard; path = ChooseLang.storyboard; sourceTree = "<group>"; };
		52FA35D2273B89BA00B301D2 /* LanguageVC.swift */ = {isa = PBXFileReference; lastKnownFileType = sourcecode.swift; path = LanguageVC.swift; sourceTree = "<group>"; };
/* End PBXFileReference section */

/* Begin PBXFrameworksBuildPhase section */
		521192CD27323D3700E8ED11 /* Frameworks */ = {
			isa = PBXFrameworksBuildPhase;
			buildActionMask = 2147483647;
			files = (
			);
			runOnlyForDeploymentPostprocessing = 0;
		};
/* End PBXFrameworksBuildPhase section */

/* Begin PBXGroup section */
		521192C727323D3700E8ED11 = {
			isa = PBXGroup;
			children = (
				521192D227323D3700E8ED11 /* Z2 */,
				521192D127323D3700E8ED11 /* Products */,
			);
			sourceTree = "<group>";
		};
		521192D127323D3700E8ED11 /* Products */ = {
			isa = PBXGroup;
			children = (
				521192D027323D3700E8ED11 /* Z2.app */,
			);
			name = Products;
			sourceTree = "<group>";
		};
		521192D227323D3700E8ED11 /* Z2 */ = {
			isa = PBXGroup;
			children = (
				52FA35C8273B82B700B301D2 /* language */,
				521192ED273267E100E8ED11 /* GetStart */,
				521192EA2732434C00E8ED11 /* view */,
				521192E92732433A00E8ED11 /* Profile */,
				521192E82732431E00E8ED11 /* Favorites */,
				521192E72732430F00E8ED11 /* Home */,
				521192D327323D3700E8ED11 /* AppDelegate.swift */,
				521192D527323D3700E8ED11 /* SceneDelegate.swift */,
				521192DC27323D4000E8ED11 /* Assets.xcassets */,
				521192E127323D4000E8ED11 /* Info.plist */,
			);
			path = Z2;
			sourceTree = "<group>";
		};
		521192E72732430F00E8ED11 /* Home */ = {
			isa = PBXGroup;
			children = (
				52C2C90927390309008AE895 /* homeDetail */,
				521192D727323D3700E8ED11 /* HomeTapBarController.swift */,
				52DA29AD2733E6FB00091B9F /* Home.storyboard */,
			);
			path = Home;
			sourceTree = "<group>";
		};
		521192E82732431E00E8ED11 /* Favorites */ = {
			isa = PBXGroup;
			children = (
			);
			path = Favorites;
			sourceTree = "<group>";
		};
		521192E92732433A00E8ED11 /* Profile */ = {
			isa = PBXGroup;
			children = (
			);
			path = Profile;
			sourceTree = "<group>";
		};
		521192EA2732434C00E8ED11 /* view */ = {
			isa = PBXGroup;
			children = (
				521192DE27323D4000E8ED11 /* LaunchScreen.storyboard */,
			);
			path = view;
			sourceTree = "<group>";
		};
		521192ED273267E100E8ED11 /* GetStart */ = {
			isa = PBXGroup;
			children = (
				521192F02732684C00E8ED11 /* GetStartVC.swift */,
				5231EE612732E3D500D1A712 /* Start.storyboard */,
				52AA7C992733717400E96293 /* CollectionViewCellVC.swift */,
				52AA7C9A2733717400E96293 /* CollectionViewCellVC.xib */,
			);
			path = GetStart;
			sourceTree = "<group>";
		};
		52C2C90927390309008AE895 /* homeDetail */ = {
			isa = PBXGroup;
			children = (
				52C2C9012738CE6E008AE895 /* BannerTableViewCell.swift */,
				52C2C9022738CE6E008AE895 /* BannerTableViewCell.xib */,
				52C2C9052738D277008AE895 /* LatestPropertyTableViewCell.swift */,
				52C2C9062738D277008AE895 /* LatestPropertyTableViewCell.xib */,
				529050D62736606E004DD96D /* HomeMainViewTableVC.swift */,
				52C2C90A27390519008AE895 /* BannerCollectionViewCell.swift */,
				52C2C90B27390519008AE895 /* BannerCollectionViewCell.xib */,
				52B52193273B5BA200A7939A /* InfoDetail.swift */,
			);
			path = homeDetail;
			sourceTree = "<group>";
		};
		52FA35C8273B82B700B301D2 /* language */ = {
			isa = PBXGroup;
			children = (
				52FA35D0273B899900B301D2 /* ChooseLang.storyboard */,
				52FA35D2273B89BA00B301D2 /* LanguageVC.swift */,
				526AFC20273E0AE000BAF3BF /* CheckMarkTableViewCell.swift */,
				526AFC21273E0AE000BAF3BF /* CheckMarkTableViewCell.xib */,
			);
			path = language;
			sourceTree = "<group>";
		};
/* End PBXGroup section */

/* Begin PBXNativeTarget section */
		521192CF27323D3700E8ED11 /* Z2 */ = {
			isa = PBXNativeTarget;
			buildConfigurationList = 521192E427323D4000E8ED11 /* Build configuration list for PBXNativeTarget "Z2" */;
			buildPhases = (
				521192CC27323D3700E8ED11 /* Sources */,
				521192CD27323D3700E8ED11 /* Frameworks */,
				521192CE27323D3700E8ED11 /* Resources */,
			);
			buildRules = (
			);
			dependencies = (
			);
			name = Z2;
			productName = Z2;
			productReference = 521192D027323D3700E8ED11 /* Z2.app */;
			productType = "com.apple.product-type.application";
		};
/* End PBXNativeTarget section */

/* Begin PBXProject section */
		521192C827323D3700E8ED11 /* Project object */ = {
			isa = PBXProject;
			attributes = {
				BuildIndependentTargetsInParallel = 1;
				LastSwiftUpdateCheck = 1310;
				LastUpgradeCheck = 1310;
				TargetAttributes = {
					521192CF27323D3700E8ED11 = {
						CreatedOnToolsVersion = 13.1;
					};
				};
			};
			buildConfigurationList = 521192CB27323D3700E8ED11 /* Build configuration list for PBXProject "Z2" */;
			compatibilityVersion = "Xcode 13.0";
			developmentRegion = en;
			hasScannedForEncodings = 0;
			knownRegions = (
				en,
				Base,
			);
			mainGroup = 521192C727323D3700E8ED11;
			productRefGroup = 521192D127323D3700E8ED11 /* Products */;
			projectDirPath = "";
			projectRoot = "";
			targets = (
				521192CF27323D3700E8ED11 /* Z2 */,
			);
		};
/* End PBXProject section */

/* Begin PBXResourcesBuildPhase section */
		521192CE27323D3700E8ED11 /* Resources */ = {
			isa = PBXResourcesBuildPhase;
			buildActionMask = 2147483647;
			files = (
				521192E027323D4000E8ED11 /* LaunchScreen.storyboard in Resources */,
				52DA29AE2733E6FB00091B9F /* Home.storyboard in Resources */,
				52C2C90D27390519008AE895 /* BannerCollectionViewCell.xib in Resources */,
				52AA7C9C2733717400E96293 /* CollectionViewCellVC.xib in Resources */,
				521192DD27323D4000E8ED11 /* Assets.xcassets in Resources */,
				526AFC23273E0AE000BAF3BF /* CheckMarkTableViewCell.xib in Resources */,
				52C2C9082738D277008AE895 /* LatestPropertyTableViewCell.xib in Resources */,
				52FA35D1273B899900B301D2 /* ChooseLang.storyboard in Resources */,
				5231EE622732E3D500D1A712 /* Start.storyboard in Resources */,
				52C2C9042738CE6E008AE895 /* BannerTableViewCell.xib in Resources */,
			);
			runOnlyForDeploymentPostprocessing = 0;
		};
/* End PBXResourcesBuildPhase section */

/* Begin PBXSourcesBuildPhase section */
		521192CC27323D3700E8ED11 /* Sources */ = {
			isa = PBXSourcesBuildPhase;
			buildActionMask = 2147483647;
			files = (
				52C2C90C27390519008AE895 /* BannerCollectionViewCell.swift in Sources */,
				521192D827323D3700E8ED11 /* HomeTapBarController.swift in Sources */,
				52FA35D3273B89BA00B301D2 /* LanguageVC.swift in Sources */,
				52C2C9032738CE6E008AE895 /* BannerTableViewCell.swift in Sources */,
				52AA7C9B2733717400E96293 /* CollectionViewCellVC.swift in Sources */,
				52C2C9072738D277008AE895 /* LatestPropertyTableViewCell.swift in Sources */,
				521192D427323D3700E8ED11 /* AppDelegate.swift in Sources */,
				526AFC22273E0AE000BAF3BF /* CheckMarkTableViewCell.swift in Sources */,
				52B52194273B5BA200A7939A /* InfoDetail.swift in Sources */,
				521192F12732684C00E8ED11 /* GetStartVC.swift in Sources */,
				521192D627323D3700E8ED11 /* SceneDelegate.swift in Sources */,
				529050D72736606E004DD96D /* HomeMainViewTableVC.swift in Sources */,
			);
			runOnlyForDeploymentPostprocessing = 0;
		};
/* End PBXSourcesBuildPhase section */

/* Begin PBXVariantGroup section */
		521192DE27323D4000E8ED11 /* LaunchScreen.storyboard */ = {
			isa = PBXVariantGroup;
			children = (
				521192DF27323D4000E8ED11 /* Base */,
			);
			name = LaunchScreen.storyboard;
			sourceTree = "<group>";
		};
/* End PBXVariantGroup section */

/* Begin XCBuildConfiguration section */
		521192E227323D4000E8ED11 /* Debug */ = {
			isa = XCBuildConfiguration;
			buildSettings = {
				ALWAYS_SEARCH_USER_PATHS = NO;
				CLANG_ANALYZER_NONNULL = YES;
				CLANG_ANALYZER_NUMBER_OBJECT_CONVERSION = YES_AGGRESSIVE;
				CLANG_CXX_LANGUAGE_STANDARD = "gnu++17";
				CLANG_CXX_LIBRARY = "libc++";
				CLANG_ENABLE_MODULES = YES;
				CLANG_ENABLE_OBJC_ARC = YES;
				CLANG_ENABLE_OBJC_WEAK = YES;
				CLANG_WARN_BLOCK_CAPTURE_AUTORELEASING = YES;
				CLANG_WARN_BOOL_CONVERSION = YES;
				CLANG_WARN_COMMA = YES;
				CLANG_WARN_CONSTANT_CONVERSION = YES;
				CLANG_WARN_DEPRECATED_OBJC_IMPLEMENTATIONS = YES;
				CLANG_WARN_DIRECT_OBJC_ISA_USAGE = YES_ERROR;
				CLANG_WARN_DOCUMENTATION_COMMENTS = YES;
				CLANG_WARN_EMPTY_BODY = YES;
				CLANG_WARN_ENUM_CONVERSION = YES;
				CLANG_WARN_INFINITE_RECURSION = YES;
				CLANG_WARN_INT_CONVERSION = YES;
				CLANG_WARN_NON_LITERAL_NULL_CONVERSION = YES;
				CLANG_WARN_OBJC_IMPLICIT_RETAIN_SELF = YES;
				CLANG_WARN_OBJC_LITERAL_CONVERSION = YES;
				CLANG_WARN_OBJC_ROOT_CLASS = YES_ERROR;
				CLANG_WARN_QUOTED_INCLUDE_IN_FRAMEWORK_HEADER = YES;
				CLANG_WARN_RANGE_LOOP_ANALYSIS = YES;
				CLANG_WARN_STRICT_PROTOTYPES = YES;
				CLANG_WARN_SUSPICIOUS_MOVE = YES;
				CLANG_WARN_UNGUARDED_AVAILABILITY = YES_AGGRESSIVE;
				CLANG_WARN_UNREACHABLE_CODE = YES;
				CLANG_WARN__DUPLICATE_METHOD_MATCH = YES;
				COPY_PHASE_STRIP = NO;
				DEBUG_INFORMATION_FORMAT = dwarf;
				ENABLE_STRICT_OBJC_MSGSEND = YES;
				ENABLE_TESTABILITY = YES;
				GCC_C_LANGUAGE_STANDARD = gnu11;
				GCC_DYNAMIC_NO_PIC = NO;
				GCC_NO_COMMON_BLOCKS = YES;
				GCC_OPTIMIZATION_LEVEL = 0;
				GCC_PREPROCESSOR_DEFINITIONS = (
					"DEBUG=1",
					"$(inherited)",
				);
				GCC_WARN_64_TO_32_BIT_CONVERSION = YES;
				GCC_WARN_ABOUT_RETURN_TYPE = YES_ERROR;
				GCC_WARN_UNDECLARED_SELECTOR = YES;
				GCC_WARN_UNINITIALIZED_AUTOS = YES_AGGRESSIVE;
				GCC_WARN_UNUSED_FUNCTION = YES;
				GCC_WARN_UNUSED_VARIABLE = YES;
				IPHONEOS_DEPLOYMENT_TARGET = 13.0;
				MTL_ENABLE_DEBUG_INFO = INCLUDE_SOURCE;
				MTL_FAST_MATH = YES;
				ONLY_ACTIVE_ARCH = YES;
				SDKROOT = iphoneos;
				SWIFT_ACTIVE_COMPILATION_CONDITIONS = DEBUG;
				SWIFT_OPTIMIZATION_LEVEL = "-Onone";
			};
			name = Debug;
		};
		521192E327323D4000E8ED11 /* Release */ = {
			isa = XCBuildConfiguration;
			buildSettings = {
				ALWAYS_SEARCH_USER_PATHS = NO;
				CLANG_ANALYZER_NONNULL = YES;
				CLANG_ANALYZER_NUMBER_OBJECT_CONVERSION = YES_AGGRESSIVE;
				CLANG_CXX_LANGUAGE_STANDARD = "gnu++17";
				CLANG_CXX_LIBRARY = "libc++";
				CLANG_ENABLE_MODULES = YES;
				CLANG_ENABLE_OBJC_ARC = YES;
				CLANG_ENABLE_OBJC_WEAK = YES;
				CLANG_WARN_BLOCK_CAPTURE_AUTORELEASING = YES;
				CLANG_WARN_BOOL_CONVERSION = YES;
				CLANG_WARN_COMMA = YES;
				CLANG_WARN_CONSTANT_CONVERSION = YES;
				CLANG_WARN_DEPRECATED_OBJC_IMPLEMENTATIONS = YES;
				CLANG_WARN_DIRECT_OBJC_ISA_USAGE = YES_ERROR;
				CLANG_WARN_DOCUMENTATION_COMMENTS = YES;
				CLANG_WARN_EMPTY_BODY = YES;
				CLANG_WARN_ENUM_CONVERSION = YES;
				CLANG_WARN_INFINITE_RECURSION = YES;
				CLANG_WARN_INT_CONVERSION = YES;
				CLANG_WARN_NON_LITERAL_NULL_CONVERSION = YES;
				CLANG_WARN_OBJC_IMPLICIT_RETAIN_SELF = YES;
				CLANG_WARN_OBJC_LITERAL_CONVERSION = YES;
				CLANG_WARN_OBJC_ROOT_CLASS = YES_ERROR;
				CLANG_WARN_QUOTED_INCLUDE_IN_FRAMEWORK_HEADER = YES;
				CLANG_WARN_RANGE_LOOP_ANALYSIS = YES;
				CLANG_WARN_STRICT_PROTOTYPES = YES;
				CLANG_WARN_SUSPICIOUS_MOVE = YES;
				CLANG_WARN_UNGUARDED_AVAILABILITY = YES_AGGRESSIVE;
				CLANG_WARN_UNREACHABLE_CODE = YES;
				CLANG_WARN__DUPLICATE_METHOD_MATCH = YES;
				COPY_PHASE_STRIP = NO;
				DEBUG_INFORMATION_FORMAT = "dwarf-with-dsym";
				ENABLE_NS_ASSERTIONS = NO;
				ENABLE_STRICT_OBJC_MSGSEND = YES;
				GCC_C_LANGUAGE_STANDARD = gnu11;
				GCC_NO_COMMON_BLOCKS = YES;
				GCC_WARN_64_TO_32_BIT_CONVERSION = YES;
				GCC_WARN_ABOUT_RETURN_TYPE = YES_ERROR;
				GCC_WARN_UNDECLARED_SELECTOR = YES;
				GCC_WARN_UNINITIALIZED_AUTOS = YES_AGGRESSIVE;
				GCC_WARN_UNUSED_FUNCTION = YES;
				GCC_WARN_UNUSED_VARIABLE = YES;
				IPHONEOS_DEPLOYMENT_TARGET = 13.0;
				MTL_ENABLE_DEBUG_INFO = NO;
				MTL_FAST_MATH = YES;
				SDKROOT = iphoneos;
				SWIFT_COMPILATION_MODE = wholemodule;
				SWIFT_OPTIMIZATION_LEVEL = "-O";
				VALIDATE_PRODUCT = YES;
			};
			name = Release;
		};
		521192E527323D4000E8ED11 /* Debug */ = {
			isa = XCBuildConfiguration;
			buildSettings = {
				ASSETCATALOG_COMPILER_APPICON_NAME = AppIcon;
				ASSETCATALOG_COMPILER_GLOBAL_ACCENT_COLOR_NAME = AccentColor;
				CODE_SIGN_STYLE = Automatic;
				CURRENT_PROJECT_VERSION = 1;
				GENERATE_INFOPLIST_FILE = YES;
				INFOPLIST_FILE = Z2/Info.plist;
				INFOPLIST_KEY_UIApplicationSupportsIndirectInputEvents = YES;
				INFOPLIST_KEY_UILaunchStoryboardName = LaunchScreen;
				INFOPLIST_KEY_UIMainStoryboardFile = ChooseLang;
				INFOPLIST_KEY_UISupportedInterfaceOrientations_iPad = "UIInterfaceOrientationPortrait UIInterfaceOrientationPortraitUpsideDown UIInterfaceOrientationLandscapeLeft UIInterfaceOrientationLandscapeRight";
				INFOPLIST_KEY_UISupportedInterfaceOrientations_iPhone = "UIInterfaceOrientationPortrait UIInterfaceOrientationLandscapeLeft UIInterfaceOrientationLandscapeRight";
				IPHONEOS_DEPLOYMENT_TARGET = 13.0;
				LD_RUNPATH_SEARCH_PATHS = (
					"$(inherited)",
					"@executable_path/Frameworks",
				);
				MARKETING_VERSION = 1.0;
				PRODUCT_BUNDLE_IDENTIFIER = com.Z2;
				PRODUCT_NAME = "$(TARGET_NAME)";
				SWIFT_EMIT_LOC_STRINGS = YES;
				SWIFT_VERSION = 5.0;
				TARGETED_DEVICE_FAMILY = 1;
			};
			name = Debug;
		};
		521192E627323D4000E8ED11 /* Release */ = {
			isa = XCBuildConfiguration;
			buildSettings = {
				ASSETCATALOG_COMPILER_APPICON_NAME = AppIcon;
				ASSETCATALOG_COMPILER_GLOBAL_ACCENT_COLOR_NAME = AccentColor;
				CODE_SIGN_STYLE = Automatic;
				CURRENT_PROJECT_VERSION = 1;
				GENERATE_INFOPLIST_FILE = YES;
				INFOPLIST_FILE = Z2/Info.plist;
				INFOPLIST_KEY_UIApplicationSupportsIndirectInputEvents = YES;
				INFOPLIST_KEY_UILaunchStoryboardName = LaunchScreen;
				INFOPLIST_KEY_UIMainStoryboardFile = ChooseLang;
				INFOPLIST_KEY_UISupportedInterfaceOrientations_iPad = "UIInterfaceOrientationPortrait UIInterfaceOrientationPortraitUpsideDown UIInterfaceOrientationLandscapeLeft UIInterfaceOrientationLandscapeRight";
				INFOPLIST_KEY_UISupportedInterfaceOrientations_iPhone = "UIInterfaceOrientationPortrait UIInterfaceOrientationLandscapeLeft UIInterfaceOrientationLandscapeRight";
				IPHONEOS_DEPLOYMENT_TARGET = 13.0;
				LD_RUNPATH_SEARCH_PATHS = (
					"$(inherited)",
					"@executable_path/Frameworks",
				);
				MARKETING_VERSION = 1.0;
				PRODUCT_BUNDLE_IDENTIFIER = com.Z2;
				PRODUCT_NAME = "$(TARGET_NAME)";
				SWIFT_EMIT_LOC_STRINGS = YES;
				SWIFT_VERSION = 5.0;
				TARGETED_DEVICE_FAMILY = 1;
			};
			name = Release;
		};
/* End XCBuildConfiguration section */

/* Begin XCConfigurationList section */
		521192CB27323D3700E8ED11 /* Build configuration list for PBXProject "Z2" */ = {
			isa = XCConfigurationList;
			buildConfigurations = (
				521192E227323D4000E8ED11 /* Debug */,
				521192E327323D4000E8ED11 /* Release */,
			);
			defaultConfigurationIsVisible = 0;
			defaultConfigurationName = Release;
		};
		521192E427323D4000E8ED11 /* Build configuration list for PBXNativeTarget "Z2" */ = {
			isa = XCConfigurationList;
			buildConfigurations = (
				521192E527323D4000E8ED11 /* Debug */,
				521192E627323D4000E8ED11 /* Release */,
			);
			defaultConfigurationIsVisible = 0;
			defaultConfigurationName = Release;
		};
/* End XCConfigurationList section */
	};
	rootObject = 521192C827323D3700E8ED11 /* Project object */;
}
